# This file is automatically @generated by Poetry 1.8.2 and should not be changed by hand.

[[package]]
name = "confluent-kafka"
version = "2.11.1"
description = "Confluent's Python client for Apache Kafka"
optional = false
python-versions = ">=3.7"
files = [
    {file = "confluent_kafka-2.11.1-cp310-cp310-macosx_10_9_x86_64.whl", hash = "sha256:d3d5a693c8dbfad16436699434cf0baf82b87c860ec12298d5e06d3a96f38c28"},
    {file = "confluent_kafka-2.11.1-cp310-cp310-macosx_11_0_arm64.whl", hash = "sha256:9763c527b1b4c72415419ea1639b14d4b4fd5c395dc24e2503699c5ad540f62e"},
    {file = "confluent_kafka-2.11.1-cp310-cp310-manylinux_2_28_aarch64.whl", hash = "sha256:ed5a36c1e550eddb6343e8132d3fe01ce23ecd04e63bf0492fbf9a51c70cabd3"},
    {file = "confluent_kafka-2.11.1-cp310-cp310-manylinux_2_28_x86_64.whl", hash = "sha256:d2facbdb175f625005f5acdcf0179d758e1c9fe46460593b05345147ee948411"},
    {file = "confluent_kafka-2.11.1-cp310-cp310-win_amd64.whl", hash = "sha256:0b1b7b8cb980a08fa06d982bd452dc488e1635ab05b371039269da411c9d5095"},
    {file = "confluent_kafka-2.11.1-cp311-cp311-macosx_10_9_x86_64.whl", hash = "sha256:407ce01ea64d29aa6dedecd54b775563f10ed5ce97067b37ee68c8e021a489f5"},
    {file = "confluent_kafka-2.11.1-cp311-cp311-macosx_11_0_arm64.whl", hash = "sha256:bc0fedcc007c32a94cf96bca5075b39b2d38d1f72a88bbc4b81dbdf24ae55663"},
    {file = "confluent_kafka-2.11.1-cp311-cp311-manylinux_2_28_aarch64.whl", hash = "sha256:be2d13b1b754f85a5c1ccfc60266e2ce108477942b59b72cc07941eb4d671379"},
    {file = "confluent_kafka-2.11.1-cp311-cp311-manylinux_2_28_x86_64.whl", hash = "sha256:61caa7929443ca0bf4ac5c61d37fbc3e77f5fa094adf2337eb62d2742a0b2290"},
    {file = "confluent_kafka-2.11.1-cp311-cp311-win_amd64.whl", hash = "sha256:943b976a1de21176f29efab8d86f3cc3460ee8017d6ff3d471d4a0dac3551d85"},
    {file = "confluent_kafka-2.11.1-cp312-cp312-macosx_10_9_x86_64.whl", hash = "sha256:2c8e2e2d26ac58037d710f49c0ced0db5af88bc4e7714e65310a6855de3f7f73"},
    {file = "confluent_kafka-2.11.1-cp312-cp312-macosx_11_0_arm64.whl", hash = "sha256:44bc1bfcfb71ca0f5ab71312a8735678b3132e8f89fbed70285aaf1b5234e4f3"},
    {file = "confluent_kafka-2.11.1-cp312-cp312-manylinux_2_28_aarch64.whl", hash = "sha256:bc6842dc30ef258e4c5b7c6e322d992cd001b6e319838aa7a6ec210374e16830"},
    {file = "confluent_kafka-2.11.1-cp312-cp312-manylinux_2_28_x86_64.whl", hash = "sha256:3e01607c3613863fb0f4f86c7fc3421c4af6f70686bf903ab475c113dfacb372"},
    {file = "confluent_kafka-2.11.1-cp312-cp312-win_amd64.whl", hash = "sha256:4b4c371090ded6084c893a51e8aba19bc8ae6ce9c019658cb11fab82b3e93458"},
    {file = "confluent_kafka-2.11.1-cp313-cp313-macosx_13_0_arm64.whl", hash = "sha256:9618041f031320e113f9dc533c0dbd1d768dd008855ae4be1ed21148442f146e"},
    {file = "confluent_kafka-2.11.1-cp313-cp313-macosx_13_0_x86_64.whl", hash = "sha256:4f8d9dee49975a63b31dd71f0a0b4d3a2af9754a21d18d218fec6c0d9cb6eea3"},
    {file = "confluent_kafka-2.11.1-cp313-cp313-manylinux_2_28_aarch64.whl", hash = "sha256:e173c3e021bd525c14ea107a960c467d9fc7fe7e7d72cde1308bcddd58774f86"},
    {file = "confluent_kafka-2.11.1-cp313-cp313-manylinux_2_28_x86_64.whl", hash = "sha256:639b7b776dc1d830b0ee4188487c54977fe7d5bf70befbdcf222ac9e1b72ab7e"},
    {file = "confluent_kafka-2.11.1-cp313-cp313-win_amd64.whl", hash = "sha256:09f7703fe54429911f7d1cdf62c3044c4b7eaefa0af9d2dbcf4b513d97673380"},
    {file = "confluent_kafka-2.11.1-cp313-cp313t-manylinux_2_28_aarch64.whl", hash = "sha256:bc6eceedf0cda75ea666899d972ca9c68b529f1ff36ed99f5f15503d0d08d1b3"},
    {file = "confluent_kafka-2.11.1-cp37-cp37m-macosx_10_9_x86_64.whl", hash = "sha256:0693c5460d78972e3e8c9f3d71f0439b5657859b746fe8eb2b4fc219a88197d7"},
    {file = "confluent_kafka-2.11.1-cp37-cp37m-manylinux_2_28_x86_64.whl", hash = "sha256:639a0750dca55be76429afbc00c5fb8ba7ae5d502368216175fea87a636a1ab5"},
    {file = "confluent_kafka-2.11.1-cp37-cp37m-win_amd64.whl", hash = "sha256:186e3af2b6ef09f9c494f9afc93c6d91192f860a47b1f02c1fb674df1091f941"},
    {file = "confluent_kafka-2.11.1-cp38-cp38-macosx_10_9_x86_64.whl", hash = "sha256:d7f5ebb949053acc2980e3569c054f5311dbd925bfdc06e422c29b20516a157d"},
    {file = "confluent_kafka-2.11.1-cp38-cp38-macosx_11_0_arm64.whl", hash = "sha256:703ba9aa7e3144f532a096df6c3f7ae1ca9e1e222be1f460eb0c9eb90bcbec16"},
    {file = "confluent_kafka-2.11.1-cp38-cp38-manylinux_2_28_aarch64.whl", hash = "sha256:ceda896d422e5e3f20c59794fd851238393585fd09c27a3f18c522ec4e8da501"},
    {file = "confluent_kafka-2.11.1-cp38-cp38-manylinux_2_28_x86_64.whl", hash = "sha256:0aa38b69f4a6ad654a2e2533589e5e782aa49c8d78b695ffa77a2d1022d58c27"},
    {file = "confluent_kafka-2.11.1-cp38-cp38-win_amd64.whl", hash = "sha256:d03700545229c07523b92772211c415a43473b2da9f0ff19a4e55e5e2786515d"},
    {file = "confluent_kafka-2.11.1-cp39-cp39-macosx_10_9_x86_64.whl", hash = "sha256:f5ead893e62826f9d9ae4f1ac1c49deeb6ce902d6465711f3472a1a20e6f085d"},
    {file = "confluent_kafka-2.11.1-cp39-cp39-macosx_11_0_arm64.whl", hash = "sha256:e85ced92aed1f478bc7343d627c6f9d830a9010a517ce5b2e1c8ad913a0527ad"},
    {file = "confluent_kafka-2.11.1-cp39-cp39-manylinux_2_28_aarch64.whl", hash = "sha256:6ada70d7a6a98b5b0759a3eed79dce5f0328c069137bf8fc69851f6bf177e0c7"},
    {file = "confluent_kafka-2.11.1-cp39-cp39-manylinux_2_28_x86_64.whl", hash = "sha256:a5c2c28a992d2269591a581154bcc415f1f1f47c4c2f4cdc20feda6ce2f63c87"},
    {file = "confluent_kafka-2.11.1-cp39-cp39-win_amd64.whl", hash = "sha256:51ce6f6fcad71bced56fee5088c9186b64046ec3d2e5aa1201e1a2afff773182"},
    {file = "confluent_kafka-2.11.1.tar.gz", hash = "sha256:a9366d9dc07a527ed0dcef9c24ba38238cf9dc63c3f53b79da15d45ce4459166"},
]

[package.extras]
all = ["async-timeout", "attrs", "attrs (>=21.2.0)", "authlib (>=1.0.0)", "authlib (>=1.0.0)", "avro (>=1.11.1,<2)", "avro (>=1.11.1,<2)", "azure-identity", "azure-identity", "azure-keyvault-keys", "azure-keyvault-keys", "boto3", "boto3 (>=1.35)", "cachetools", "cachetools (>=5.5.0)", "cel-python (>=0.4.0)", "cel-python (>=0.4.0)", "confluent-kafka", "fastapi", "fastavro (<1.8.0)", "fastavro (<1.8.0)", "fastavro (<2)", "fastavro (<2)", "flake8", "google-api-core", "google-api-core", "google-auth", "google-auth", "google-cloud-kms", "google-cloud-kms", "googleapis-common-protos", "googleapis-common-protos", "hkdf (==0.0.3)", "hkdf (==0.0.3)", "httpx (>=0.26)", "httpx (>=0.26)", "hvac", "hvac", "jsonata-python", "jsonata-python", "jsonschema", "jsonschema", "opentelemetry-distro", "opentelemetry-exporter-otlp", "orjson", "orjson (>=3.10)", "pluggy (<1.6.0)", "protobuf", "protobuf", "psutil", "pydantic", "pyrsistent", "pyrsistent", "pytest", "pytest-asyncio", "pytest-timeout", "pytest_cov", "pyyaml (>=6.0.0)", "pyyaml (>=6.0.0)", "requests", "requests", "requests-mock", "respx", "six", "sphinx", "sphinx-rtd-theme", "tink", "tink", "urllib3 (<2)", "urllib3 (<3)", "uvicorn"]
avro = ["attrs (>=21.2.0)", "authlib (>=1.0.0)", "avro (>=1.11.1,<2)", "cachetools (>=5.5.0)", "fastavro (<1.8.0)", "fastavro (<2)", "httpx (>=0.26)", "orjson (>=3.10)", "requests"]
dev = ["async-timeout", "attrs", "attrs (>=21.2.0)", "authlib (>=1.0.0)", "authlib (>=1.0.0)", "avro (>=1.11.1,<2)", "avro (>=1.11.1,<2)", "azure-identity", "azure-identity", "azure-keyvault-keys", "azure-keyvault-keys", "boto3", "boto3 (>=1.35)", "cachetools", "cachetools (>=5.5.0)", "cel-python (>=0.4.0)", "cel-python (>=0.4.0)", "confluent-kafka", "fastapi", "fastavro (<1.8.0)", "fastavro (<1.8.0)", "fastavro (<2)", "fastavro (<2)", "flake8", "google-api-core", "google-api-core", "google-auth", "google-auth", "google-cloud-kms", "google-cloud-kms", "googleapis-common-protos", "googleapis-common-protos", "hkdf (==0.0.3)", "hkdf (==0.0.3)", "httpx (>=0.26)", "httpx (>=0.26)", "hvac", "hvac", "jsonata-python", "jsonata-python", "jsonschema", "jsonschema", "orjson", "orjson (>=3.10)", "pluggy (<1.6.0)", "protobuf", "protobuf", "pydantic", "pyrsistent", "pyrsistent", "pytest", "pytest-asyncio", "pytest-timeout", "pytest_cov", "pyyaml (>=6.0.0)", "pyyaml (>=6.0.0)", "requests", "requests", "requests-mock", "respx", "six", "sphinx", "sphinx-rtd-theme", "tink", "tink", "urllib3 (<2)", "urllib3 (<3)", "uvicorn"]
docs = ["attrs (>=21.2.0)", "authlib (>=1.0.0)", "avro (>=1.11.1,<2)", "azure-identity", "azure-keyvault-keys", "boto3 (>=1.35)", "cachetools (>=5.5.0)", "cel-python (>=0.4.0)", "fastavro (<1.8.0)", "fastavro (<2)", "google-api-core", "google-auth", "google-cloud-kms", "googleapis-common-protos", "hkdf (==0.0.3)", "httpx (>=0.26)", "hvac", "jsonata-python", "jsonschema", "orjson (>=3.10)", "protobuf", "pyrsistent", "pyyaml (>=6.0.0)", "requests", "sphinx", "sphinx-rtd-theme", "tink"]
examples = ["attrs", "authlib (>=1.0.0)", "avro (>=1.11.1,<2)", "azure-identity", "azure-keyvault-keys", "boto3", "cachetools", "cel-python (>=0.4.0)", "confluent-kafka", "fastapi", "fastavro (<1.8.0)", "fastavro (<2)", "google-api-core", "google-auth", "google-cloud-kms", "googleapis-common-protos", "hkdf (==0.0.3)", "httpx (>=0.26)", "hvac", "jsonata-python", "jsonschema", "protobuf", "pydantic", "pyrsistent", "pyyaml (>=6.0.0)", "requests", "six", "tink", "uvicorn"]
json = ["attrs (>=21.2.0)", "authlib (>=1.0.0)", "cachetools (>=5.5.0)", "httpx (>=0.26)", "jsonschema", "orjson (>=3.10)", "pyrsistent"]
protobuf = ["attrs (>=21.2.0)", "authlib (>=1.0.0)", "cachetools (>=5.5.0)", "googleapis-common-protos", "httpx (>=0.26)", "orjson (>=3.10)", "protobuf"]
rules = ["attrs (>=21.2.0)", "authlib (>=1.0.0)", "azure-identity", "azure-keyvault-keys", "boto3 (>=1.35)", "cachetools (>=5.5.0)", "cel-python (>=0.4.0)", "google-api-core", "google-auth", "google-cloud-kms", "hkdf (==0.0.3)", "httpx (>=0.26)", "hvac", "jsonata-python", "orjson (>=3.10)", "pyyaml (>=6.0.0)", "tink"]
schema-registry = ["attrs (>=21.2.0)", "authlib (>=1.0.0)", "cachetools (>=5.5.0)", "httpx (>=0.26)", "orjson (>=3.10)"]
schemaregistry = ["attrs (>=21.2.0)", "authlib (>=1.0.0)", "cachetools (>=5.5.0)", "httpx (>=0.26)", "orjson (>=3.10)"]
soaktest = ["opentelemetry-distro", "opentelemetry-exporter-otlp", "psutil"]
tests = ["async-timeout", "attrs (>=21.2.0)", "authlib (>=1.0.0)", "avro (>=1.11.1,<2)", "azure-identity", "azure-keyvault-keys", "boto3 (>=1.35)", "cachetools (>=5.5.0)", "cel-python (>=0.4.0)", "fastavro (<1.8.0)", "fastavro (<2)", "flake8", "google-api-core", "google-auth", "google-cloud-kms", "googleapis-common-protos", "hkdf (==0.0.3)", "httpx (>=0.26)", "hvac", "jsonata-python", "jsonschema", "orjson", "orjson (>=3.10)", "pluggy (<1.6.0)", "protobuf", "pyrsistent", "pytest", "pytest-asyncio", "pytest-timeout", "pytest_cov", "pyyaml (>=6.0.0)", "requests", "requests-mock", "respx", "tink", "urllib3 (<2)", "urllib3 (<3)"]

[[package]]
name = "faker"
version = "37.6.0"
description = "Faker is a Python package that generates fake data for you."
optional = false
python-versions = ">=3.9"
files = [
    {file = "faker-37.6.0-py3-none-any.whl", hash = "sha256:3c5209b23d7049d596a51db5d76403a0ccfea6fc294ffa2ecfef6a8843b1e6a7"},
    {file = "faker-37.6.0.tar.gz", hash = "sha256:0f8cc34f30095184adf87c3c24c45b38b33ad81c35ef6eb0a3118f301143012c"},
]

[package.dependencies]
tzdata = "*"

[[package]]
name = "pyyaml"
version = "6.0.2"
description = "YAML parser and emitter for Python"
optional = false
python-versions = ">=3.8"
files = [
    {file = "PyYAML-6.0.2-cp310-cp310-macosx_10_9_x86_64.whl", hash = "sha256:0a9a2848a5b7feac301353437eb7d5957887edbf81d56e903999a75a3d743086"},
    {file = "PyYAML-6.0.2-cp310-cp310-macosx_11_0_arm64.whl", hash = "sha256:29717114e51c84ddfba879543fb232a6ed60086602313ca38cce623c1d62cfbf"},
    {file = "PyYAML-6.0.2-cp310-cp310-manylinux_2_17_aarch64.manylinux2014_aarch64.whl", hash = "sha256:8824b5a04a04a047e72eea5cec3bc266db09e35de6bdfe34c9436ac5ee27d237"},
    {file = "PyYAML-6.0.2-cp310-cp310-manylinux_2_17_s390x.manylinux2014_s390x.whl", hash = "sha256:7c36280e6fb8385e520936c3cb3b8042851904eba0e58d277dca80a5cfed590b"},
    {file = "PyYAML-6.0.2-cp310-cp310-manylinux_2_17_x86_64.manylinux2014_x86_64.whl", hash = "sha256:ec031d5d2feb36d1d1a24380e4db6d43695f3748343d99434e6f5f9156aaa2ed"},
    {file = "PyYAML-6.0.2-cp310-cp310-musllinux_1_1_aarch64.whl", hash = "sha256:936d68689298c36b53b29f23c6dbb74de12b4ac12ca6cfe0e047bedceea56180"},
    {file = "PyYAML-6.0.2-cp310-cp310-musllinux_1_1_x86_64.whl", hash = "sha256:23502f431948090f597378482b4812b0caae32c22213aecf3b55325e049a6c68"},
    {file = "PyYAML-6.0.2-cp310-cp310-win32.whl", hash = "sha256:2e99c6826ffa974fe6e27cdb5ed0021786b03fc98e5ee3c5bfe1fd5015f42b99"},
    {file = "PyYAML-6.0.2-cp310-cp310-win_amd64.whl", hash = "sha256:a4d3091415f010369ae4ed1fc6b79def9416358877534caf6a0fdd2146c87a3e"},
    {file = "PyYAML-6.0.2-cp311-cp311-macosx_10_9_x86_64.whl", hash = "sha256:cc1c1159b3d456576af7a3e4d1ba7e6924cb39de8f67111c735f6fc832082774"},
    {file = "PyYAML-6.0.2-cp311-cp311-macosx_11_0_arm64.whl", hash = "sha256:1e2120ef853f59c7419231f3bf4e7021f1b936f6ebd222406c3b60212205d2ee"},
    {file = "PyYAML-6.0.2-cp311-cp311-manylinux_2_17_aarch64.manylinux2014_aarch64.whl", hash = "sha256:5d225db5a45f21e78dd9358e58a98702a0302f2659a3c6cd320564b75b86f47c"},
    {file = "PyYAML-6.0.2-cp311-cp311-manylinux_2_17_s390x.manylinux2014_s390x.whl", hash = "sha256:5ac9328ec4831237bec75defaf839f7d4564be1e6b25ac710bd1a96321cc8317"},
    {file = "PyYAML-6.0.2-cp311-cp311-manylinux_2_17_x86_64.manylinux2014_x86_64.whl", hash = "sha256:3ad2a3decf9aaba3d29c8f537ac4b243e36bef957511b4766cb0057d32b0be85"},
    {file = "PyYAML-6.0.2-cp311-cp311-musllinux_1_1_aarch64.whl", hash = "sha256:ff3824dc5261f50c9b0dfb3be22b4567a6f938ccce4587b38952d85fd9e9afe4"},
    {file = "PyYAML-6.0.2-cp311-cp311-musllinux_1_1_x86_64.whl", hash = "sha256:797b4f722ffa07cc8d62053e4cff1486fa6dc094105d13fea7b1de7d8bf71c9e"},
    {file = "PyYAML-6.0.2-cp311-cp311-win32.whl", hash = "sha256:11d8f3dd2b9c1207dcaf2ee0bbbfd5991f571186ec9cc78427ba5bd32afae4b5"},
    {file = "PyYAML-6.0.2-cp311-cp311-win_amd64.whl", hash = "sha256:e10ce637b18caea04431ce14fabcf5c64a1c61ec9c56b071a4b7ca131ca52d44"},
    {file = "PyYAML-6.0.2-cp312-cp312-macosx_10_9_x86_64.whl", hash = "sha256:c70c95198c015b85feafc136515252a261a84561b7b1d51e3384e0655ddf25ab"},
    {file = "PyYAML-6.0.2-cp312-cp312-macosx_11_0_arm64.whl", hash = "sha256:ce826d6ef20b1bc864f0a68340c8b3287705cae2f8b4b1d932177dcc76721725"},
    {file = "PyYAML-6.0.2-cp312-cp312-manylinux_2_17_aarch64.manylinux2014_aarch64.whl", hash = "sha256:1f71ea527786de97d1a0cc0eacd1defc0985dcf6b3f17bb77dcfc8c34bec4dc5"},
    {file = "PyYAML-6.0.2-cp312-cp312-manylinux_2_17_s390x.manylinux2014_s390x.whl", hash = "sha256:9b22676e8097e9e22e36d6b7bda33190d0d400f345f23d4065d48f4ca7ae0425"},
    {file = "PyYAML-6.0.2-cp312-cp312-manylinux_2_17_x86_64.manylinux2014_x86_64.whl", hash = "sha256:80bab7bfc629882493af4aa31a4cfa43a4c57c83813253626916b8c7ada83476"},
    {file = "PyYAML-6.0.2-cp312-cp312-musllinux_1_1_aarch64.whl", hash = "sha256:0833f8694549e586547b576dcfaba4a6b55b9e96098b36cdc7ebefe667dfed48"},
    {file = "PyYAML-6.0.2-cp312-cp312-musllinux_1_1_x86_64.whl", hash = "sha256:8b9c7197f7cb2738065c481a0461e50ad02f18c78cd75775628afb4d7137fb3b"},
    {file = "PyYAML-6.0.2-cp312-cp312-win32.whl", hash = "sha256:ef6107725bd54b262d6dedcc2af448a266975032bc85ef0172c5f059da6325b4"},
    {file = "PyYAML-6.0.2-cp312-cp312-win_amd64.whl", hash = "sha256:7e7401d0de89a9a855c839bc697c079a4af81cf878373abd7dc625847d25cbd8"},
    {file = "PyYAML-6.0.2-cp313-cp313-macosx_10_13_x86_64.whl", hash = "sha256:efdca5630322a10774e8e98e1af481aad470dd62c3170801852d752aa7a783ba"},
    {file = "PyYAML-6.0.2-cp313-cp313-macosx_11_0_arm64.whl", hash = "sha256:50187695423ffe49e2deacb8cd10510bc361faac997de9efef88badc3bb9e2d1"},
    {file = "PyYAML-6.0.2-cp313-cp313-manylinux_2_17_aarch64.manylinux2014_aarch64.whl", hash = "sha256:0ffe8360bab4910ef1b9e87fb812d8bc0a308b0d0eef8c8f44e0254ab3b07133"},
    {file = "PyYAML-6.0.2-cp313-cp313-manylinux_2_17_s390x.manylinux2014_s390x.whl", hash = "sha256:17e311b6c678207928d649faa7cb0d7b4c26a0ba73d41e99c4fff6b6c3276484"},
    {file = "PyYAML-6.0.2-cp313-cp313-manylinux_2_17_x86_64.manylinux2014_x86_64.whl", hash = "sha256:70b189594dbe54f75ab3a1acec5f1e3faa7e8cf2f1e08d9b561cb41b845f69d5"},
    {file = "PyYAML-6.0.2-cp313-cp313-musllinux_1_1_aarch64.whl", hash = "sha256:41e4e3953a79407c794916fa277a82531dd93aad34e29c2a514c2c0c5fe971cc"},
    {file = "PyYAML-6.0.2-cp313-cp313-musllinux_1_1_x86_64.whl", hash = "sha256:68ccc6023a3400877818152ad9a1033e3db8625d899c72eacb5a668902e4d652"},
    {file = "PyYAML-6.0.2-cp313-cp313-win32.whl", hash = "sha256:bc2fa7c6b47d6bc618dd7fb02ef6fdedb1090ec036abab80d4681424b84c1183"},
    {file = "PyYAML-6.0.2-cp313-cp313-win_amd64.whl", hash = "sha256:8388ee1976c416731879ac16da0aff3f63b286ffdd57cdeb95f3f2e085687563"},
    {file = "PyYAML-6.0.2-cp38-cp38-macosx_10_9_x86_64.whl", hash = "sha256:24471b829b3bf607e04e88d79542a9d48bb037c2267d7927a874e6c205ca7e9a"},
    {file = "PyYAML-6.0.2-cp38-cp38-manylinux_2_17_aarch64.manylinux2014_aarch64.whl", hash = "sha256:d7fded462629cfa4b685c5416b949ebad6cec74af5e2d42905d41e257e0869f5"},
    {file = "PyYAML-6.0.2-cp38-cp38-manylinux_2_17_s390x.manylinux2014_s390x.whl", hash = "sha256:d84a1718ee396f54f3a086ea0a66d8e552b2ab2017ef8b420e92edbc841c352d"},
    {file = "PyYAML-6.0.2-cp38-cp38-manylinux_2_17_x86_64.manylinux2014_x86_64.whl", hash = "sha256:9056c1ecd25795207ad294bcf39f2db3d845767be0ea6e6a34d856f006006083"},
    {file = "PyYAML-6.0.2-cp38-cp38-musllinux_1_1_x86_64.whl", hash = "sha256:82d09873e40955485746739bcb8b4586983670466c23382c19cffecbf1fd8706"},
    {file = "PyYAML-6.0.2-cp38-cp38-win32.whl", hash = "sha256:43fa96a3ca0d6b1812e01ced1044a003533c47f6ee8aca31724f78e93ccc089a"},
    {file = "PyYAML-6.0.2-cp38-cp38-win_amd64.whl", hash = "sha256:01179a4a8559ab5de078078f37e5c1a30d76bb88519906844fd7bdea1b7729ff"},
    {file = "PyYAML-6.0.2-cp39-cp39-macosx_10_9_x86_64.whl", hash = "sha256:688ba32a1cffef67fd2e9398a2efebaea461578b0923624778664cc1c914db5d"},
    {file = "PyYAML-6.0.2-cp39-cp39-macosx_11_0_arm64.whl", hash = "sha256:a8786accb172bd8afb8be14490a16625cbc387036876ab6ba70912730faf8e1f"},
    {file = "PyYAML-6.0.2-cp39-cp39-manylinux_2_17_aarch64.manylinux2014_aarch64.whl", hash = "sha256:d8e03406cac8513435335dbab54c0d385e4a49e4945d2909a581c83647ca0290"},
    {file = "PyYAML-6.0.2-cp39-cp39-manylinux_2_17_s390x.manylinux2014_s390x.whl", hash = "sha256:f753120cb8181e736c57ef7636e83f31b9c0d1722c516f7e86cf15b7aa57ff12"},
    {file = "PyYAML-6.0.2-cp39-cp39-manylinux_2_17_x86_64.manylinux2014_x86_64.whl", hash = "sha256:3b1fdb9dc17f5a7677423d508ab4f243a726dea51fa5e70992e59a7411c89d19"},
    {file = "PyYAML-6.0.2-cp39-cp39-musllinux_1_1_aarch64.whl", hash = "sha256:0b69e4ce7a131fe56b7e4d770c67429700908fc0752af059838b1cfb41960e4e"},
    {file = "PyYAML-6.0.2-cp39-cp39-musllinux_1_1_x86_64.whl", hash = "sha256:a9f8c2e67970f13b16084e04f134610fd1d374bf477b17ec1599185cf611d725"},
    {file = "PyYAML-6.0.2-cp39-cp39-win32.whl", hash = "sha256:6395c297d42274772abc367baaa79683958044e5d3835486c16da75d2a694631"},
    {file = "PyYAML-6.0.2-cp39-cp39-win_amd64.whl", hash = "sha256:39693e1f8320ae4f43943590b49779ffb98acb81f788220ea932a6b6c51004d8"},
    {file = "pyyaml-6.0.2.tar.gz", hash = "sha256:d584d9ec91ad65861cc08d42e834324ef890a082e591037abe114850ff7bbc3e"},
]

[[package]]
name = "tzdata"
version = "2025.2"
description = "Provider of IANA time zone data"
optional = false
python-versions = ">=2"
files = [
    {file = "tzdata-2025.2-py2.py3-none-any.whl", hash = "sha256:1a403fada01ff9221ca8044d701868fa132215d84beb92242d9acd2147f667a8"},
    {file = "tzdata-2025.2.tar.gz", hash = "sha256:b60a638fcc0daffadf82fe0f57e53d06bdec2f36c4df66280ae79bce6bd6f2b9"},
]

[metadata]
lock-version = "2.0"
python-versions = "^3.12"
content-hash = "aae478a5ee80eaccd24605bfae22e8b56b98c931a683430daa627e38001a0f84"
